
Microsoft Visual Studio Solution File, Format Version 12.00
# Visual Studio 15
VisualStudioVersion = 15.0.27004.2005
MinimumVisualStudioVersion = 10.0.40219.1
Project("{FAE04EC0-301F-11D3-BF4B-00C04F79EFBC}") = "CompositePatern", "CompositePatern\CompositePatern.csproj", "{1FEDD23E-C368-43E0-958B-1150F9A0B72F}"
EndProject
Global
	GlobalSection(SolutionConfigurationPlatforms) = preSolution
		Debug|Any CPU = Debug|Any CPU
		Release|Any CPU = Release|Any CPU
	EndGlobalSection
	GlobalSection(ProjectConfigurationPlatforms) = postSolution
		{1FEDD23E-C368-43E0-958B-1150F9A0B72F}.Debug|Any CPU.ActiveCfg = Debug|Any CPU
		{1FEDD23E-C368-43E0-958B-1150F9A0B72F}.Debug|Any CPU.Build.0 = Debug|Any CPU
		{1FEDD23E-C368-43E0-958B-1150F9A0B72F}.Release|Any CPU.ActiveCfg = Release|Any CPU
		{1FEDD23E-C368-43E0-958B-1150F9A0B72F}.Release|Any CPU.Build.0 = Release|Any CPU
	EndGlobalSection
	GlobalSection(SolutionProperties) = preSolution
		HideSolutionNode = FALSE
	EndGlobalSection
	GlobalSection(ExtensibilityGlobals) = postSolution
		SolutionGuid = {27E52290-E5F7-4CA7-AABD-D4694DDB319A}
	EndGlobalSection
EndGlobal
